{
  "R": {
    "Version": "4.2.2",
    "Repositories": [
      {
        "Name": "CRAN",
        "URL": "https://cloud.r-project.org"
      }
    ]
  },
  "Packages": {
    "rmarkdown": {
      "Package": "rmarkdown",
      "Version": "2.27",
      "Source": "Repository",
      "Repository": "CRAN",
      "Requirements": [
        "R",
        "bslib",
        "evaluate",
        "fontawesome",
        "htmltools",
        "jquerylib",
        "jsonlite",
        "knitr",
        "methods",
        "tinytex",
        "tools",
        "utils",
        "xfun",
        "yaml"
      ],
      "Hash": "27f9502e1cdbfa195f94e03b0f517484"
    },

    "googlesheets4": {
      "Package": "googlesheets4",
      "Version": "1.1.1",
      "Source": "Repository",
      "Repository": "CRAN",
      "Requirements": [
        "R",
        "cellranger",
        "cli",
        "curl",
        "gargle",
        "glue",
        "googledrive",
        "httr",
        "ids",
        "lifecycle",
        "magrittr",
        "methods",
        "purrr",
        "rematch2",
        "rlang",
        "tibble",
        "utils",
        "vctrs",
        "withr"
      ],
      "Hash": "d6db1667059d027da730decdc214b959"
    }
  }
}
